
Microsoft Visual Studio Solution File, Format Version 12.00
Project("{FAE04EC0-301F-11D3-BF4B-00C04F79EFBC}") = "WpfApp3", "WpfApp3\WpfApp3.csproj", "{19F4DD76-147D-48D3-94AB-E45063E9840D}"
EndProject
Global
	GlobalSection(SolutionConfigurationPlatforms) = preSolution
		Debug|Any CPU = Debug|Any CPU
		Release|Any CPU = Release|Any CPU
	EndGlobalSection
	GlobalSection(ProjectConfigurationPlatforms) = postSolution
		{19F4DD76-147D-48D3-94AB-E45063E9840D}.Debug|Any CPU.ActiveCfg = Debug|Any CPU
		{19F4DD76-147D-48D3-94AB-E45063E9840D}.Debug|Any CPU.Build.0 = Debug|Any CPU
		{19F4DD76-147D-48D3-94AB-E45063E9840D}.Release|Any CPU.ActiveCfg = Release|Any CPU
		{19F4DD76-147D-48D3-94AB-E45063E9840D}.Release|Any CPU.Build.0 = Release|Any CPU
	EndGlobalSection
EndGlobal
